# This file is autogenerated, do not edit; changes may be undone by the next 'dep ensure'.


[[projects]]
  digest = "1:60abec4c812fc39cf7e66571da9e1758c586c258af815c4062b20d136542ff19"
  name = "github.com/dave/jennifer"
  packages = ["jen"]
  pruneopts = "UT"
  revision = "14e399b6b5e8456c66c45c955fc27b568bacb5c9"
  version = "v1.3.0"

[[projects]]
  branch = "master"
  digest = "1:b42f449a8b6e31294dcac04a5a8b990ec494f1b046cf9c00b3a12b20f4d05807"
  name = "github.com/iancoleman/strcase"
  packages = ["."]
  pruneopts = "UT"
  revision = "16388991a33441046539eb716cff4d294d556c70"

[[projects]]
  digest = "1:cf31692c14422fa27c83a05292eb5cbe0fb2775972e8f1f8446a71549bd8980b"
  name = "github.com/pkg/errors"
  packages = ["."]
  pruneopts = "UT"
  revision = "ba968bfe8b2f7e042a574c888954fccecfa385b4"
  version = "v0.8.1"

[[projects]]
  digest = "1:345979d48ee9f14d23d74957b7f398c2b461f762419e48addb117f733daadaea"
  name = "github.com/threefoldtech/zos"
  packages = ["pkg/schema"]
  pruneopts = "UT"
  revision = "5ce5c6ecef43d1c7807b668851fda4761d8c3689"
  version = "v1.2.0"

[solve-meta]
  analyzer-name = "dep"
  analyzer-version = 1
  input-imports = ["github.com/threefoldtech/zos/pkg/schema"]
  solver-name = "gps-cdcl"
  solver-version = 1
